
Microsoft Visual Studio Solution File, Format Version 12.00
# Visual Studio Version 16
VisualStudioVersion = 16.0.30804.86
MinimumVisualStudioVersion = 10.0.40219.1
Project("{FAE04EC0-301F-11D3-BF4B-00C04F79EFBC}") = "ShowPlantProgress", "ShowPlantProgress.csproj", "{F070453F-A62D-4FA2-8BAB-64B29BFA0EAD}"
EndProject
Global
	GlobalSection(SolutionConfigurationPlatforms) = preSolution
		Debug|Any CPU = Debug|Any CPU
		Release|Any CPU = Release|Any CPU
	EndGlobalSection
	GlobalSection(ProjectConfigurationPlatforms) = postSolution
		{F070453F-A62D-4FA2-8BAB-64B29BFA0EAD}.Debug|Any CPU.ActiveCfg = Debug|Any CPU
		{F070453F-A62D-4FA2-8BAB-64B29BFA0EAD}.Debug|Any CPU.Build.0 = Debug|Any CPU
		{F070453F-A62D-4FA2-8BAB-64B29BFA0EAD}.Release|Any CPU.ActiveCfg = Release|Any CPU
		{F070453F-A62D-4FA2-8BAB-64B29BFA0EAD}.Release|Any CPU.Build.0 = Release|Any CPU
	EndGlobalSection
	GlobalSection(SolutionProperties) = preSolution
		HideSolutionNode = FALSE
	EndGlobalSection
	GlobalSection(ExtensibilityGlobals) = postSolution
		SolutionGuid = {6E6601A0-3CDB-4DA8-9A37-63FED2C1DC9C}
	EndGlobalSection
EndGlobal
